
Microsoft Visual Studio Solution File, Format Version 12.00
# Visual Studio Version 16
VisualStudioVersion = 16.0.30320.27
MinimumVisualStudioVersion = 10.0.40219.1
Project("{FAE04EC0-301F-11D3-BF4B-00C04F79EFBC}") = "MazeKz", "MazeKz.csproj", "{0BDB71B7-4B1C-453D-A2BE-AD595E8E02BB}"
EndProject
Global
	GlobalSection(SolutionConfigurationPlatforms) = preSolution
		Debug|Any CPU = Debug|Any CPU
		Release|Any CPU = Release|Any CPU
	EndGlobalSection
	GlobalSection(ProjectConfigurationPlatforms) = postSolution
		{0BDB71B7-4B1C-453D-A2BE-AD595E8E02BB}.Debug|Any CPU.ActiveCfg = Debug|Any CPU
		{0BDB71B7-4B1C-453D-A2BE-AD595E8E02BB}.Debug|Any CPU.Build.0 = Debug|Any CPU
		{0BDB71B7-4B1C-453D-A2BE-AD595E8E02BB}.Release|Any CPU.ActiveCfg = Release|Any CPU
		{0BDB71B7-4B1C-453D-A2BE-AD595E8E02BB}.Release|Any CPU.Build.0 = Release|Any CPU
	EndGlobalSection
	GlobalSection(SolutionProperties) = preSolution
		HideSolutionNode = FALSE
	EndGlobalSection
	GlobalSection(ExtensibilityGlobals) = postSolution
		SolutionGuid = {D3B1E898-E703-4A1A-91C9-845BA276EEDD}
	EndGlobalSection
EndGlobal
