
Microsoft Visual Studio Solution File, Format Version 12.00
# Visual Studio Version 16
VisualStudioVersion = 16.0.30320.27
MinimumVisualStudioVersion = 10.0.40219.1
Project("{9A19103F-16F7-4668-BE54-9A1E7A4F7556}") = "MazeKz2020", "MazeKz2020\MazeKz2020.csproj", "{D02DC8EC-A299-47CF-B27B-3A874CE75230}"
EndProject
Project("{9A19103F-16F7-4668-BE54-9A1E7A4F7556}") = "MazeKz2020.Tests", "MazeKz.Tests\MazeKz2020.Tests.csproj", "{92A9F632-156A-4A14-B3F5-9D3722480F28}"
EndProject
Project("{9A19103F-16F7-4668-BE54-9A1E7A4F7556}") = "WebMaze", "WebMaze\WebMaze.csproj", "{1B56ABEB-0F5B-4138-B8CC-6A92A8CE2D4D}"
EndProject
Global
	GlobalSection(SolutionConfigurationPlatforms) = preSolution
		Debug|Any CPU = Debug|Any CPU
		Release|Any CPU = Release|Any CPU
	EndGlobalSection
	GlobalSection(ProjectConfigurationPlatforms) = postSolution
		{D02DC8EC-A299-47CF-B27B-3A874CE75230}.Debug|Any CPU.ActiveCfg = Debug|Any CPU
		{D02DC8EC-A299-47CF-B27B-3A874CE75230}.Debug|Any CPU.Build.0 = Debug|Any CPU
		{D02DC8EC-A299-47CF-B27B-3A874CE75230}.Release|Any CPU.ActiveCfg = Release|Any CPU
		{D02DC8EC-A299-47CF-B27B-3A874CE75230}.Release|Any CPU.Build.0 = Release|Any CPU
		{92A9F632-156A-4A14-B3F5-9D3722480F28}.Debug|Any CPU.ActiveCfg = Debug|Any CPU
		{92A9F632-156A-4A14-B3F5-9D3722480F28}.Debug|Any CPU.Build.0 = Debug|Any CPU
		{92A9F632-156A-4A14-B3F5-9D3722480F28}.Release|Any CPU.ActiveCfg = Release|Any CPU
		{92A9F632-156A-4A14-B3F5-9D3722480F28}.Release|Any CPU.Build.0 = Release|Any CPU
		{1B56ABEB-0F5B-4138-B8CC-6A92A8CE2D4D}.Debug|Any CPU.ActiveCfg = Debug|Any CPU
		{1B56ABEB-0F5B-4138-B8CC-6A92A8CE2D4D}.Debug|Any CPU.Build.0 = Debug|Any CPU
		{1B56ABEB-0F5B-4138-B8CC-6A92A8CE2D4D}.Release|Any CPU.ActiveCfg = Release|Any CPU
		{1B56ABEB-0F5B-4138-B8CC-6A92A8CE2D4D}.Release|Any CPU.Build.0 = Release|Any CPU
	EndGlobalSection
	GlobalSection(SolutionProperties) = preSolution
		HideSolutionNode = FALSE
	EndGlobalSection
	GlobalSection(ExtensibilityGlobals) = postSolution
		SolutionGuid = {6D0EBCC2-FBDA-424A-B490-904CECE40596}
	EndGlobalSection
EndGlobal
